// !$*UTF8*$!
{
	archiveVersion = 1;
	classes = {
	};
	objectVersion = 50;
	objects = {

/* Begin PBXBuildFile section */
		7D4A8C01283885D300204D2F /* AppDelegate.swift in Sources */ = {isa = PBXBuildFile; fileRef = 7D4A8C00283885D300204D2F /* AppDelegate.swift */; };
		7D4A8C03283885D300204D2F /* SceneDelegate.swift in Sources */ = {isa = PBXBuildFile; fileRef = 7D4A8C02283885D300204D2F /* SceneDelegate.swift */; };
		7D4A8C0A283885D700204D2F /* AppIcon.xcassets in Resources */ = {isa = PBXBuildFile; fileRef = 7D4A8C09283885D700204D2F /* AppIcon.xcassets */; };
		7D4A8C0D283885D700204D2F /* LaunchScreen.storyboard in Resources */ = {isa = PBXBuildFile; fileRef = 7D4A8C0B283885D700204D2F /* LaunchScreen.storyboard */; };
		7D4A8C18283885D700204D2F /* CDGO_IntProj_00Tests.swift in Sources */ = {isa = PBXBuildFile; fileRef = 7D4A8C17283885D700204D2F /* CDGO_IntProj_00Tests.swift */; };
		7D4A8C23283885D700204D2F /* CDGO_IntProj_00UITests.swift in Sources */ = {isa = PBXBuildFile; fileRef = 7D4A8C22283885D700204D2F /* CDGO_IntProj_00UITests.swift */; };
		7D4A8C38283886C200204D2F /* Resources.swift in Sources */ = {isa = PBXBuildFile; fileRef = 7D4A8C37283886C200204D2F /* Resources.swift */; };
		7D4A8C3B283886F800204D2F /* Colors.xcassets in Resources */ = {isa = PBXBuildFile; fileRef = 7D4A8C3A283886F800204D2F /* Colors.xcassets */; };
		7D4A8C3D283886FF00204D2F /* Images.xcassets in Resources */ = {isa = PBXBuildFile; fileRef = 7D4A8C3C283886FF00204D2F /* Images.xcassets */; };
		7D4A8C3F2838870600204D2F /* Icons.xcassets in Resources */ = {isa = PBXBuildFile; fileRef = 7D4A8C3E2838870600204D2F /* Icons.xcassets */; };
		7D4A8C422838877400204D2F /* Images.swift in Sources */ = {isa = PBXBuildFile; fileRef = 7D4A8C412838877400204D2F /* Images.swift */; };
		7DBC907A28388B1E00CD05B8 /* Chivo-LightItalic.ttf in Resources */ = {isa = PBXBuildFile; fileRef = 7DBC907128388B1E00CD05B8 /* Chivo-LightItalic.ttf */; };
		7DBC907B28388B1E00CD05B8 /* Chivo-Bold.ttf in Resources */ = {isa = PBXBuildFile; fileRef = 7DBC907228388B1E00CD05B8 /* Chivo-Bold.ttf */; };
		7DBC907C28388B1E00CD05B8 /* Chivo-Italic.ttf in Resources */ = {isa = PBXBuildFile; fileRef = 7DBC907328388B1E00CD05B8 /* Chivo-Italic.ttf */; };
		7DBC907D28388B1E00CD05B8 /* Chivo-BoldItalic.ttf in Resources */ = {isa = PBXBuildFile; fileRef = 7DBC907428388B1E00CD05B8 /* Chivo-BoldItalic.ttf */; };
		7DBC907E28388B1E00CD05B8 /* Chivo-Light.ttf in Resources */ = {isa = PBXBuildFile; fileRef = 7DBC907528388B1E00CD05B8 /* Chivo-Light.ttf */; };
		7DBC907F28388B1E00CD05B8 /* Chivo-BlackItalic.ttf in Resources */ = {isa = PBXBuildFile; fileRef = 7DBC907628388B1E00CD05B8 /* Chivo-BlackItalic.ttf */; };
		7DBC908028388B1E00CD05B8 /* Chivo-Regular.ttf in Resources */ = {isa = PBXBuildFile; fileRef = 7DBC907728388B1E00CD05B8 /* Chivo-Regular.ttf */; };
		7DBC908128388B1E00CD05B8 /* OFL.txt in Resources */ = {isa = PBXBuildFile; fileRef = 7DBC907828388B1E00CD05B8 /* OFL.txt */; };
		7DBC908228388B1E00CD05B8 /* Chivo-Black.ttf in Resources */ = {isa = PBXBuildFile; fileRef = 7DBC907928388B1E00CD05B8 /* Chivo-Black.ttf */; };
		7DBC908628388B7100CD05B8 /* Welcome.storyboard in Resources */ = {isa = PBXBuildFile; fileRef = 7DBC908528388B7100CD05B8 /* Welcome.storyboard */; };
		7DBC908828388B7A00CD05B8 /* Form.storyboard in Resources */ = {isa = PBXBuildFile; fileRef = 7DBC908728388B7A00CD05B8 /* Form.storyboard */; };
		7DBC908A28388B8700CD05B8 /* FormViewController.swift in Sources */ = {isa = PBXBuildFile; fileRef = 7DBC908928388B8700CD05B8 /* FormViewController.swift */; };
		7DBC908C28388BAC00CD05B8 /* main.swift in Sources */ = {isa = PBXBuildFile; fileRef = 7DBC908B28388BAC00CD05B8 /* main.swift */; };
		7DBC909028388F5900CD05B8 /* GradientView.swift in Sources */ = {isa = PBXBuildFile; fileRef = 7DBC908F28388F5900CD05B8 /* GradientView.swift */; };
		7DBC90932838994F00CD05B8 /* UIView+UINib.swift in Sources */ = {isa = PBXBuildFile; fileRef = 7DBC90922838994F00CD05B8 /* UIView+UINib.swift */; };
		7DBC909628389B7600CD05B8 /* FormViewController+IBOutlets.swift in Sources */ = {isa = PBXBuildFile; fileRef = 7DBC909528389B7600CD05B8 /* FormViewController+IBOutlets.swift */; };
		7DBC909828389C1D00CD05B8 /* FormTextView.swift in Sources */ = {isa = PBXBuildFile; fileRef = 7DBC909728389C1D00CD05B8 /* FormTextView.swift */; };
		7DBC909A28389C3100CD05B8 /* FormTextView.xib in Resources */ = {isa = PBXBuildFile; fileRef = 7DBC909928389C3100CD05B8 /* FormTextView.xib */; };
		7DBC909D2838ABCD00CD05B8 /* GenderSwitchView.swift in Sources */ = {isa = PBXBuildFile; fileRef = 7DBC909C2838ABCD00CD05B8 /* GenderSwitchView.swift */; };
		7DBC909F2838ABD800CD05B8 /* GenderSwitchView.xib in Resources */ = {isa = PBXBuildFile; fileRef = 7DBC909E2838ABD800CD05B8 /* GenderSwitchView.xib */; };
/* End PBXBuildFile section */

/* Begin PBXContainerItemProxy section */
		7D4A8C14283885D700204D2F /* PBXContainerItemProxy */ = {
			isa = PBXContainerItemProxy;
			containerPortal = 7D4A8BF5283885D300204D2F /* Project object */;
			proxyType = 1;
			remoteGlobalIDString = 7D4A8BFC283885D300204D2F;
			remoteInfo = "CDGO-IntProj-00";
		};
		7D4A8C1F283885D700204D2F /* PBXContainerItemProxy */ = {
			isa = PBXContainerItemProxy;
			containerPortal = 7D4A8BF5283885D300204D2F /* Project object */;
			proxyType = 1;
			remoteGlobalIDString = 7D4A8BFC283885D300204D2F;
			remoteInfo = "CDGO-IntProj-00";
		};
/* End PBXContainerItemProxy section */

/* Begin PBXFileReference section */
		7D4A8BFD283885D300204D2F /* CDGO-IntProj-00.app */ = {isa = PBXFileReference; explicitFileType = wrapper.application; includeInIndex = 0; path = "CDGO-IntProj-00.app"; sourceTree = BUILT_PRODUCTS_DIR; };
		7D4A8C00283885D300204D2F /* AppDelegate.swift */ = {isa = PBXFileReference; lastKnownFileType = sourcecode.swift; path = AppDelegate.swift; sourceTree = "<group>"; };
		7D4A8C02283885D300204D2F /* SceneDelegate.swift */ = {isa = PBXFileReference; lastKnownFileType = sourcecode.swift; path = SceneDelegate.swift; sourceTree = "<group>"; };
		7D4A8C09283885D700204D2F /* AppIcon.xcassets */ = {isa = PBXFileReference; lastKnownFileType = folder.assetcatalog; path = AppIcon.xcassets; sourceTree = "<group>"; };
		7D4A8C0C283885D700204D2F /* Base */ = {isa = PBXFileReference; lastKnownFileType = file.storyboard; name = Base; path = Base.lproj/LaunchScreen.storyboard; sourceTree = "<group>"; };
		7D4A8C0E283885D700204D2F /* Info.plist */ = {isa = PBXFileReference; lastKnownFileType = text.plist.xml; path = Info.plist; sourceTree = "<group>"; };
		7D4A8C13283885D700204D2F /* CDGO-IntProj-00Tests.xctest */ = {isa = PBXFileReference; explicitFileType = wrapper.cfbundle; includeInIndex = 0; path = "CDGO-IntProj-00Tests.xctest"; sourceTree = BUILT_PRODUCTS_DIR; };
		7D4A8C17283885D700204D2F /* CDGO_IntProj_00Tests.swift */ = {isa = PBXFileReference; lastKnownFileType = sourcecode.swift; path = CDGO_IntProj_00Tests.swift; sourceTree = "<group>"; };
		7D4A8C19283885D700204D2F /* Info.plist */ = {isa = PBXFileReference; lastKnownFileType = text.plist.xml; path = Info.plist; sourceTree = "<group>"; };
		7D4A8C1E283885D700204D2F /* CDGO-IntProj-00UITests.xctest */ = {isa = PBXFileReference; explicitFileType = wrapper.cfbundle; includeInIndex = 0; path = "CDGO-IntProj-00UITests.xctest"; sourceTree = BUILT_PRODUCTS_DIR; };
		7D4A8C22283885D700204D2F /* CDGO_IntProj_00UITests.swift */ = {isa = PBXFileReference; lastKnownFileType = sourcecode.swift; path = CDGO_IntProj_00UITests.swift; sourceTree = "<group>"; };
		7D4A8C24283885D700204D2F /* Info.plist */ = {isa = PBXFileReference; lastKnownFileType = text.plist.xml; path = Info.plist; sourceTree = "<group>"; };
		7D4A8C37283886C200204D2F /* Resources.swift */ = {isa = PBXFileReference; lastKnownFileType = sourcecode.swift; path = Resources.swift; sourceTree = "<group>"; };
		7D4A8C3A283886F800204D2F /* Colors.xcassets */ = {isa = PBXFileReference; lastKnownFileType = folder.assetcatalog; path = Colors.xcassets; sourceTree = "<group>"; };
		7D4A8C3C283886FF00204D2F /* Images.xcassets */ = {isa = PBXFileReference; lastKnownFileType = folder.assetcatalog; path = Images.xcassets; sourceTree = "<group>"; };
		7D4A8C3E2838870600204D2F /* Icons.xcassets */ = {isa = PBXFileReference; lastKnownFileType = folder.assetcatalog; path = Icons.xcassets; sourceTree = "<group>"; };
		7D4A8C412838877400204D2F /* Images.swift */ = {isa = PBXFileReference; lastKnownFileType = sourcecode.swift; path = Images.swift; sourceTree = "<group>"; };
		7DBC907128388B1E00CD05B8 /* Chivo-LightItalic.ttf */ = {isa = PBXFileReference; lastKnownFileType = file; path = "Chivo-LightItalic.ttf"; sourceTree = "<group>"; };
		7DBC907228388B1E00CD05B8 /* Chivo-Bold.ttf */ = {isa = PBXFileReference; lastKnownFileType = file; path = "Chivo-Bold.ttf"; sourceTree = "<group>"; };
		7DBC907328388B1E00CD05B8 /* Chivo-Italic.ttf */ = {isa = PBXFileReference; lastKnownFileType = file; path = "Chivo-Italic.ttf"; sourceTree = "<group>"; };
		7DBC907428388B1E00CD05B8 /* Chivo-BoldItalic.ttf */ = {isa = PBXFileReference; lastKnownFileType = file; path = "Chivo-BoldItalic.ttf"; sourceTree = "<group>"; };
		7DBC907528388B1E00CD05B8 /* Chivo-Light.ttf */ = {isa = PBXFileReference; lastKnownFileType = file; path = "Chivo-Light.ttf"; sourceTree = "<group>"; };
		7DBC907628388B1E00CD05B8 /* Chivo-BlackItalic.ttf */ = {isa = PBXFileReference; lastKnownFileType = file; path = "Chivo-BlackItalic.ttf"; sourceTree = "<group>"; };
		7DBC907728388B1E00CD05B8 /* Chivo-Regular.ttf */ = {isa = PBXFileReference; lastKnownFileType = file; path = "Chivo-Regular.ttf"; sourceTree = "<group>"; };
		7DBC907828388B1E00CD05B8 /* OFL.txt */ = {isa = PBXFileReference; fileEncoding = 4; lastKnownFileType = text; path = OFL.txt; sourceTree = "<group>"; };
		7DBC907928388B1E00CD05B8 /* Chivo-Black.ttf */ = {isa = PBXFileReference; lastKnownFileType = file; path = "Chivo-Black.ttf"; sourceTree = "<group>"; };
		7DBC908528388B7100CD05B8 /* Welcome.storyboard */ = {isa = PBXFileReference; lastKnownFileType = file.storyboard; path = Welcome.storyboard; sourceTree = "<group>"; };
		7DBC908728388B7A00CD05B8 /* Form.storyboard */ = {isa = PBXFileReference; lastKnownFileType = file.storyboard; path = Form.storyboard; sourceTree = "<group>"; };
		7DBC908928388B8700CD05B8 /* FormViewController.swift */ = {isa = PBXFileReference; lastKnownFileType = sourcecode.swift; path = FormViewController.swift; sourceTree = "<group>"; };
		7DBC908B28388BAC00CD05B8 /* main.swift */ = {isa = PBXFileReference; lastKnownFileType = sourcecode.swift; path = main.swift; sourceTree = "<group>"; };
		7DBC908F28388F5900CD05B8 /* GradientView.swift */ = {isa = PBXFileReference; lastKnownFileType = sourcecode.swift; path = GradientView.swift; sourceTree = "<group>"; };
		7DBC90922838994F00CD05B8 /* UIView+UINib.swift */ = {isa = PBXFileReference; lastKnownFileType = sourcecode.swift; path = "UIView+UINib.swift"; sourceTree = "<group>"; };
		7DBC909528389B7600CD05B8 /* FormViewController+IBOutlets.swift */ = {isa = PBXFileReference; lastKnownFileType = sourcecode.swift; path = "FormViewController+IBOutlets.swift"; sourceTree = "<group>"; };
		7DBC909728389C1D00CD05B8 /* FormTextView.swift */ = {isa = PBXFileReference; lastKnownFileType = sourcecode.swift; path = FormTextView.swift; sourceTree = "<group>"; };
		7DBC909928389C3100CD05B8 /* FormTextView.xib */ = {isa = PBXFileReference; lastKnownFileType = file.xib; path = FormTextView.xib; sourceTree = "<group>"; };
		7DBC909C2838ABCD00CD05B8 /* GenderSwitchView.swift */ = {isa = PBXFileReference; lastKnownFileType = sourcecode.swift; path = GenderSwitchView.swift; sourceTree = "<group>"; };
		7DBC909E2838ABD800CD05B8 /* GenderSwitchView.xib */ = {isa = PBXFileReference; lastKnownFileType = file.xib; path = GenderSwitchView.xib; sourceTree = "<group>"; };
/* End PBXFileReference section */

/* Begin PBXFrameworksBuildPhase section */
		7D4A8BFA283885D300204D2F /* Frameworks */ = {
			isa = PBXFrameworksBuildPhase;
			buildActionMask = 2147483647;
			files = (
			);
			runOnlyForDeploymentPostprocessing = 0;
		};
		7D4A8C10283885D700204D2F /* Frameworks */ = {
			isa = PBXFrameworksBuildPhase;
			buildActionMask = 2147483647;
			files = (
			);
			runOnlyForDeploymentPostprocessing = 0;
		};
		7D4A8C1B283885D700204D2F /* Frameworks */ = {
			isa = PBXFrameworksBuildPhase;
			buildActionMask = 2147483647;
			files = (
			);
			runOnlyForDeploymentPostprocessing = 0;
		};
/* End PBXFrameworksBuildPhase section */

/* Begin PBXGroup section */
		7D4A8BF4283885D300204D2F = {
			isa = PBXGroup;
			children = (
				7D4A8BFF283885D300204D2F /* CDGO-IntProj-00 */,
				7D4A8C16283885D700204D2F /* CDGO-IntProj-00Tests */,
				7D4A8C21283885D700204D2F /* CDGO-IntProj-00UITests */,
				7D4A8BFE283885D300204D2F /* Products */,
			);
			sourceTree = "<group>";
		};
		7D4A8BFE283885D300204D2F /* Products */ = {
			isa = PBXGroup;
			children = (
				7D4A8BFD283885D300204D2F /* CDGO-IntProj-00.app */,
				7D4A8C13283885D700204D2F /* CDGO-IntProj-00Tests.xctest */,
				7D4A8C1E283885D700204D2F /* CDGO-IntProj-00UITests.xctest */,
			);
			name = Products;
			sourceTree = "<group>";
		};
		7D4A8BFF283885D300204D2F /* CDGO-IntProj-00 */ = {
			isa = PBXGroup;
			children = (
				7DBC90912838994100CD05B8 /* Utilities */,
				7DBC908B28388BAC00CD05B8 /* main.swift */,
				7D4A8C332838869E00204D2F /* Support */,
				7D4A8C312838869500204D2F /* Core */,
				7D4A8C302838869100204D2F /* Resources */,
			);
			path = "CDGO-IntProj-00";
			sourceTree = "<group>";
		};
		7D4A8C16283885D700204D2F /* CDGO-IntProj-00Tests */ = {
			isa = PBXGroup;
			children = (
				7D4A8C17283885D700204D2F /* CDGO_IntProj_00Tests.swift */,
				7D4A8C19283885D700204D2F /* Info.plist */,
			);
			path = "CDGO-IntProj-00Tests";
			sourceTree = "<group>";
		};
		7D4A8C21283885D700204D2F /* CDGO-IntProj-00UITests */ = {
			isa = PBXGroup;
			children = (
				7D4A8C22283885D700204D2F /* CDGO_IntProj_00UITests.swift */,
				7D4A8C24283885D700204D2F /* Info.plist */,
			);
			path = "CDGO-IntProj-00UITests";
			sourceTree = "<group>";
		};
		7D4A8C302838869100204D2F /* Resources */ = {
			isa = PBXGroup;
			children = (
				7D4A8C43283888BA00204D2F /* fonts */,
				7D4A8C37283886C200204D2F /* Resources.swift */,
				7D4A8C402838872900204D2F /* launchscreens */,
				7D4A8C39283886E200204D2F /* appicon */,
				7D4A8C36283886B700204D2F /* colors */,
				7D4A8C35283886B200204D2F /* images */,
				7D4A8C34283886AC00204D2F /* icons */,
			);
			path = Resources;
			sourceTree = "<group>";
		};
		7D4A8C312838869500204D2F /* Core */ = {
			isa = PBXGroup;
			children = (
				7DBC908D28388F3F00CD05B8 /* Views */,
				7D4A8C322838869900204D2F /* Scenes */,
			);
			path = Core;
			sourceTree = "<group>";
		};
		7D4A8C322838869900204D2F /* Scenes */ = {
			isa = PBXGroup;
			children = (
				7DBC908328388B5B00CD05B8 /* Welcome */,
				7DBC908428388B6200CD05B8 /* Form */,
			);
			path = Scenes;
			sourceTree = "<group>";
		};
		7D4A8C332838869E00204D2F /* Support */ = {
			isa = PBXGroup;
			children = (
				7D4A8C0E283885D700204D2F /* Info.plist */,
				7D4A8C00283885D300204D2F /* AppDelegate.swift */,
				7D4A8C02283885D300204D2F /* SceneDelegate.swift */,
			);
			path = Support;
			sourceTree = "<group>";
		};
		7D4A8C34283886AC00204D2F /* icons */ = {
			isa = PBXGroup;
			children = (
				7D4A8C3E2838870600204D2F /* Icons.xcassets */,
			);
			path = icons;
			sourceTree = "<group>";
		};
		7D4A8C35283886B200204D2F /* images */ = {
			isa = PBXGroup;
			children = (
				7D4A8C3C283886FF00204D2F /* Images.xcassets */,
				7D4A8C412838877400204D2F /* Images.swift */,
			);
			path = images;
			sourceTree = "<group>";
		};
		7D4A8C36283886B700204D2F /* colors */ = {
			isa = PBXGroup;
			children = (
				7D4A8C3A283886F800204D2F /* Colors.xcassets */,
			);
			path = colors;
			sourceTree = "<group>";
		};
		7D4A8C39283886E200204D2F /* appicon */ = {
			isa = PBXGroup;
			children = (
				7D4A8C09283885D700204D2F /* AppIcon.xcassets */,
			);
			path = appicon;
			sourceTree = "<group>";
		};
		7D4A8C402838872900204D2F /* launchscreens */ = {
			isa = PBXGroup;
			children = (
				7D4A8C0B283885D700204D2F /* LaunchScreen.storyboard */,
			);
			path = launchscreens;
			sourceTree = "<group>";
		};
		7D4A8C43283888BA00204D2F /* fonts */ = {
			isa = PBXGroup;
			children = (
				7DBC907028388B1E00CD05B8 /* Chivo */,
			);
			path = fonts;
			sourceTree = "<group>";
		};
		7DBC907028388B1E00CD05B8 /* Chivo */ = {
			isa = PBXGroup;
			children = (
				7DBC907128388B1E00CD05B8 /* Chivo-LightItalic.ttf */,
				7DBC907228388B1E00CD05B8 /* Chivo-Bold.ttf */,
				7DBC907328388B1E00CD05B8 /* Chivo-Italic.ttf */,
				7DBC907428388B1E00CD05B8 /* Chivo-BoldItalic.ttf */,
				7DBC907528388B1E00CD05B8 /* Chivo-Light.ttf */,
				7DBC907628388B1E00CD05B8 /* Chivo-BlackItalic.ttf */,
				7DBC907728388B1E00CD05B8 /* Chivo-Regular.ttf */,
				7DBC907828388B1E00CD05B8 /* OFL.txt */,
				7DBC907928388B1E00CD05B8 /* Chivo-Black.ttf */,
			);
			path = Chivo;
			sourceTree = "<group>";
		};
		7DBC908328388B5B00CD05B8 /* Welcome */ = {
			isa = PBXGroup;
			children = (
				7DBC908528388B7100CD05B8 /* Welcome.storyboard */,
			);
			path = Welcome;
			sourceTree = "<group>";
		};
		7DBC908428388B6200CD05B8 /* Form */ = {
			isa = PBXGroup;
			children = (
				7DBC908728388B7A00CD05B8 /* Form.storyboard */,
				7DBC908928388B8700CD05B8 /* FormViewController.swift */,
				7DBC909528389B7600CD05B8 /* FormViewController+IBOutlets.swift */,
			);
			path = Form;
			sourceTree = "<group>";
		};
		7DBC908D28388F3F00CD05B8 /* Views */ = {
			isa = PBXGroup;
			children = (
				7DBC909B2838ABB300CD05B8 /* GenderSwitchView */,
				7DBC90942838996D00CD05B8 /* FormTextView */,
				7DBC908E28388F4300CD05B8 /* GradientView */,
			);
			path = Views;
			sourceTree = "<group>";
		};
		7DBC908E28388F4300CD05B8 /* GradientView */ = {
			isa = PBXGroup;
			children = (
				7DBC908F28388F5900CD05B8 /* GradientView.swift */,
			);
			path = GradientView;
			sourceTree = "<group>";
		};
		7DBC90912838994100CD05B8 /* Utilities */ = {
			isa = PBXGroup;
			children = (
				7DBC90922838994F00CD05B8 /* UIView+UINib.swift */,
			);
			path = Utilities;
			sourceTree = "<group>";
		};
		7DBC90942838996D00CD05B8 /* FormTextView */ = {
			isa = PBXGroup;
			children = (
				7DBC909728389C1D00CD05B8 /* FormTextView.swift */,
				7DBC909928389C3100CD05B8 /* FormTextView.xib */,
			);
			path = FormTextView;
			sourceTree = "<group>";
		};
		7DBC909B2838ABB300CD05B8 /* GenderSwitchView */ = {
			isa = PBXGroup;
			children = (
				7DBC909C2838ABCD00CD05B8 /* GenderSwitchView.swift */,
				7DBC909E2838ABD800CD05B8 /* GenderSwitchView.xib */,
			);
			path = GenderSwitchView;
			sourceTree = "<group>";
		};
/* End PBXGroup section */

/* Begin PBXNativeTarget section */
		7D4A8BFC283885D300204D2F /* CDGO-IntProj-00 */ = {
			isa = PBXNativeTarget;
			buildConfigurationList = 7D4A8C27283885D700204D2F /* Build configuration list for PBXNativeTarget "CDGO-IntProj-00" */;
			buildPhases = (
				7D4A8BF9283885D300204D2F /* Sources */,
				7D4A8BFA283885D300204D2F /* Frameworks */,
				7D4A8BFB283885D300204D2F /* Resources */,
			);
			buildRules = (
			);
			dependencies = (
			);
			name = "CDGO-IntProj-00";
			productName = "CDGO-IntProj-00";
			productReference = 7D4A8BFD283885D300204D2F /* CDGO-IntProj-00.app */;
			productType = "com.apple.product-type.application";
		};
		7D4A8C12283885D700204D2F /* CDGO-IntProj-00Tests */ = {
			isa = PBXNativeTarget;
			buildConfigurationList = 7D4A8C2A283885D700204D2F /* Build configuration list for PBXNativeTarget "CDGO-IntProj-00Tests" */;
			buildPhases = (
				7D4A8C0F283885D700204D2F /* Sources */,
				7D4A8C10283885D700204D2F /* Frameworks */,
				7D4A8C11283885D700204D2F /* Resources */,
			);
			buildRules = (
			);
			dependencies = (
				7D4A8C15283885D700204D2F /* PBXTargetDependency */,
			);
			name = "CDGO-IntProj-00Tests";
			productName = "CDGO-IntProj-00Tests";
			productReference = 7D4A8C13283885D700204D2F /* CDGO-IntProj-00Tests.xctest */;
			productType = "com.apple.product-type.bundle.unit-test";
		};
		7D4A8C1D283885D700204D2F /* CDGO-IntProj-00UITests */ = {
			isa = PBXNativeTarget;
			buildConfigurationList = 7D4A8C2D283885D700204D2F /* Build configuration list for PBXNativeTarget "CDGO-IntProj-00UITests" */;
			buildPhases = (
				7D4A8C1A283885D700204D2F /* Sources */,
				7D4A8C1B283885D700204D2F /* Frameworks */,
				7D4A8C1C283885D700204D2F /* Resources */,
			);
			buildRules = (
			);
			dependencies = (
				7D4A8C20283885D700204D2F /* PBXTargetDependency */,
			);
			name = "CDGO-IntProj-00UITests";
			productName = "CDGO-IntProj-00UITests";
			productReference = 7D4A8C1E283885D700204D2F /* CDGO-IntProj-00UITests.xctest */;
			productType = "com.apple.product-type.bundle.ui-testing";
		};
/* End PBXNativeTarget section */

/* Begin PBXProject section */
		7D4A8BF5283885D300204D2F /* Project object */ = {
			isa = PBXProject;
			attributes = {
				LastSwiftUpdateCheck = 1250;
				LastUpgradeCheck = 1250;
				TargetAttributes = {
					7D4A8BFC283885D300204D2F = {
						CreatedOnToolsVersion = 12.5.1;
					};
					7D4A8C12283885D700204D2F = {
						CreatedOnToolsVersion = 12.5.1;
						TestTargetID = 7D4A8BFC283885D300204D2F;
					};
					7D4A8C1D283885D700204D2F = {
						CreatedOnToolsVersion = 12.5.1;
						TestTargetID = 7D4A8BFC283885D300204D2F;
					};
				};
			};
			buildConfigurationList = 7D4A8BF8283885D300204D2F /* Build configuration list for PBXProject "CDGO-IntProj-00" */;
			compatibilityVersion = "Xcode 9.3";
			developmentRegion = en;
			hasScannedForEncodings = 0;
			knownRegions = (
				en,
				Base,
			);
			mainGroup = 7D4A8BF4283885D300204D2F;
			productRefGroup = 7D4A8BFE283885D300204D2F /* Products */;
			projectDirPath = "";
			projectRoot = "";
			targets = (
				7D4A8BFC283885D300204D2F /* CDGO-IntProj-00 */,
				7D4A8C12283885D700204D2F /* CDGO-IntProj-00Tests */,
				7D4A8C1D283885D700204D2F /* CDGO-IntProj-00UITests */,
			);
		};
/* End PBXProject section */

/* Begin PBXResourcesBuildPhase section */
		7D4A8BFB283885D300204D2F /* Resources */ = {
			isa = PBXResourcesBuildPhase;
			buildActionMask = 2147483647;
			files = (
				7DBC908128388B1E00CD05B8 /* OFL.txt in Resources */,
				7DBC908228388B1E00CD05B8 /* Chivo-Black.ttf in Resources */,
				7DBC907A28388B1E00CD05B8 /* Chivo-LightItalic.ttf in Resources */,
				7DBC907D28388B1E00CD05B8 /* Chivo-BoldItalic.ttf in Resources */,
				7DBC907F28388B1E00CD05B8 /* Chivo-BlackItalic.ttf in Resources */,
				7DBC909F2838ABD800CD05B8 /* GenderSwitchView.xib in Resources */,
				7DBC908628388B7100CD05B8 /* Welcome.storyboard in Resources */,
				7DBC907B28388B1E00CD05B8 /* Chivo-Bold.ttf in Resources */,
				7DBC908828388B7A00CD05B8 /* Form.storyboard in Resources */,
				7DBC907C28388B1E00CD05B8 /* Chivo-Italic.ttf in Resources */,
				7DBC909A28389C3100CD05B8 /* FormTextView.xib in Resources */,
				7D4A8C0D283885D700204D2F /* LaunchScreen.storyboard in Resources */,
				7D4A8C3D283886FF00204D2F /* Images.xcassets in Resources */,
				7DBC907E28388B1E00CD05B8 /* Chivo-Light.ttf in Resources */,
				7DBC908028388B1E00CD05B8 /* Chivo-Regular.ttf in Resources */,
				7D4A8C3B283886F800204D2F /* Colors.xcassets in Resources */,
				7D4A8C0A283885D700204D2F /* AppIcon.xcassets in Resources */,
				7D4A8C3F2838870600204D2F /* Icons.xcassets in Resources */,
			);
			runOnlyForDeploymentPostprocessing = 0;
		};
		7D4A8C11283885D700204D2F /* Resources */ = {
			isa = PBXResourcesBuildPhase;
			buildActionMask = 2147483647;
			files = (
			);
			runOnlyForDeploymentPostprocessing = 0;
		};
		7D4A8C1C283885D700204D2F /* Resources */ = {
			isa = PBXResourcesBuildPhase;
			buildActionMask = 2147483647;
			files = (
			);
			runOnlyForDeploymentPostprocessing = 0;
		};
/* End PBXResourcesBuildPhase section */

/* Begin PBXSourcesBuildPhase section */
		7D4A8BF9283885D300204D2F /* Sources */ = {
			isa = PBXSourcesBuildPhase;
			buildActionMask = 2147483647;
			files = (
				7DBC909628389B7600CD05B8 /* FormViewController+IBOutlets.swift in Sources */,
				7DBC90932838994F00CD05B8 /* UIView+UINib.swift in Sources */,
				7DBC908A28388B8700CD05B8 /* FormViewController.swift in Sources */,
				7D4A8C38283886C200204D2F /* Resources.swift in Sources */,
				7DBC908C28388BAC00CD05B8 /* main.swift in Sources */,
				7DBC909828389C1D00CD05B8 /* FormTextView.swift in Sources */,
				7D4A8C422838877400204D2F /* Images.swift in Sources */,
				7DBC909028388F5900CD05B8 /* GradientView.swift in Sources */,
				7D4A8C01283885D300204D2F /* AppDelegate.swift in Sources */,
				7DBC909D2838ABCD00CD05B8 /* GenderSwitchView.swift in Sources */,
				7D4A8C03283885D300204D2F /* SceneDelegate.swift in Sources */,
			);
			runOnlyForDeploymentPostprocessing = 0;
		};
		7D4A8C0F283885D700204D2F /* Sources */ = {
			isa = PBXSourcesBuildPhase;
			buildActionMask = 2147483647;
			files = (
				7D4A8C18283885D700204D2F /* CDGO_IntProj_00Tests.swift in Sources */,
			);
			runOnlyForDeploymentPostprocessing = 0;
		};
		7D4A8C1A283885D700204D2F /* Sources */ = {
			isa = PBXSourcesBuildPhase;
			buildActionMask = 2147483647;
			files = (
				7D4A8C23283885D700204D2F /* CDGO_IntProj_00UITests.swift in Sources */,
			);
			runOnlyForDeploymentPostprocessing = 0;
		};
/* End PBXSourcesBuildPhase section */

/* Begin PBXTargetDependency section */
		7D4A8C15283885D700204D2F /* PBXTargetDependency */ = {
			isa = PBXTargetDependency;
			target = 7D4A8BFC283885D300204D2F /* CDGO-IntProj-00 */;
			targetProxy = 7D4A8C14283885D700204D2F /* PBXContainerItemProxy */;
		};
		7D4A8C20283885D700204D2F /* PBXTargetDependency */ = {
			isa = PBXTargetDependency;
			target = 7D4A8BFC283885D300204D2F /* CDGO-IntProj-00 */;
			targetProxy = 7D4A8C1F283885D700204D2F /* PBXContainerItemProxy */;
		};
/* End PBXTargetDependency section */

/* Begin PBXVariantGroup section */
		7D4A8C0B283885D700204D2F /* LaunchScreen.storyboard */ = {
			isa = PBXVariantGroup;
			children = (
				7D4A8C0C283885D700204D2F /* Base */,
			);
			name = LaunchScreen.storyboard;
			sourceTree = "<group>";
		};
/* End PBXVariantGroup section */

/* Begin XCBuildConfiguration section */
		7D4A8C25283885D700204D2F /* Debug */ = {
			isa = XCBuildConfiguration;
			buildSettings = {
				ALWAYS_SEARCH_USER_PATHS = NO;
				CLANG_ANALYZER_NONNULL = YES;
				CLANG_ANALYZER_NUMBER_OBJECT_CONVERSION = YES_AGGRESSIVE;
				CLANG_CXX_LANGUAGE_STANDARD = "gnu++14";
				CLANG_CXX_LIBRARY = "libc++";
				CLANG_ENABLE_MODULES = YES;
				CLANG_ENABLE_OBJC_ARC = YES;
				CLANG_ENABLE_OBJC_WEAK = YES;
				CLANG_WARN_BLOCK_CAPTURE_AUTORELEASING = YES;
				CLANG_WARN_BOOL_CONVERSION = YES;
				CLANG_WARN_COMMA = YES;
				CLANG_WARN_CONSTANT_CONVERSION = YES;
				CLANG_WARN_DEPRECATED_OBJC_IMPLEMENTATIONS = YES;
				CLANG_WARN_DIRECT_OBJC_ISA_USAGE = YES_ERROR;
				CLANG_WARN_DOCUMENTATION_COMMENTS = YES;
				CLANG_WARN_EMPTY_BODY = YES;
				CLANG_WARN_ENUM_CONVERSION = YES;
				CLANG_WARN_INFINITE_RECURSION = YES;
				CLANG_WARN_INT_CONVERSION = YES;
				CLANG_WARN_NON_LITERAL_NULL_CONVERSION = YES;
				CLANG_WARN_OBJC_IMPLICIT_RETAIN_SELF = YES;
				CLANG_WARN_OBJC_LITERAL_CONVERSION = YES;
				CLANG_WARN_OBJC_ROOT_CLASS = YES_ERROR;
				CLANG_WARN_QUOTED_INCLUDE_IN_FRAMEWORK_HEADER = YES;
				CLANG_WARN_RANGE_LOOP_ANALYSIS = YES;
				CLANG_WARN_STRICT_PROTOTYPES = YES;
				CLANG_WARN_SUSPICIOUS_MOVE = YES;
				CLANG_WARN_UNGUARDED_AVAILABILITY = YES_AGGRESSIVE;
				CLANG_WARN_UNREACHABLE_CODE = YES;
				CLANG_WARN__DUPLICATE_METHOD_MATCH = YES;
				COPY_PHASE_STRIP = NO;
				DEBUG_INFORMATION_FORMAT = dwarf;
				ENABLE_STRICT_OBJC_MSGSEND = YES;
				ENABLE_TESTABILITY = YES;
				GCC_C_LANGUAGE_STANDARD = gnu11;
				GCC_DYNAMIC_NO_PIC = NO;
				GCC_NO_COMMON_BLOCKS = YES;
				GCC_OPTIMIZATION_LEVEL = 0;
				GCC_PREPROCESSOR_DEFINITIONS = (
					"DEBUG=1",
					"$(inherited)",
				);
				GCC_WARN_64_TO_32_BIT_CONVERSION = YES;
				GCC_WARN_ABOUT_RETURN_TYPE = YES_ERROR;
				GCC_WARN_UNDECLARED_SELECTOR = YES;
				GCC_WARN_UNINITIALIZED_AUTOS = YES_AGGRESSIVE;
				GCC_WARN_UNUSED_FUNCTION = YES;
				GCC_WARN_UNUSED_VARIABLE = YES;
				IPHONEOS_DEPLOYMENT_TARGET = 14.5;
				MTL_ENABLE_DEBUG_INFO = INCLUDE_SOURCE;
				MTL_FAST_MATH = YES;
				ONLY_ACTIVE_ARCH = YES;
				SDKROOT = iphoneos;
				SWIFT_ACTIVE_COMPILATION_CONDITIONS = DEBUG;
				SWIFT_OPTIMIZATION_LEVEL = "-Onone";
			};
			name = Debug;
		};
		7D4A8C26283885D700204D2F /* Release */ = {
			isa = XCBuildConfiguration;
			buildSettings = {
				ALWAYS_SEARCH_USER_PATHS = NO;
				CLANG_ANALYZER_NONNULL = YES;
				CLANG_ANALYZER_NUMBER_OBJECT_CONVERSION = YES_AGGRESSIVE;
				CLANG_CXX_LANGUAGE_STANDARD = "gnu++14";
				CLANG_CXX_LIBRARY = "libc++";
				CLANG_ENABLE_MODULES = YES;
				CLANG_ENABLE_OBJC_ARC = YES;
				CLANG_ENABLE_OBJC_WEAK = YES;
				CLANG_WARN_BLOCK_CAPTURE_AUTORELEASING = YES;
				CLANG_WARN_BOOL_CONVERSION = YES;
				CLANG_WARN_COMMA = YES;
				CLANG_WARN_CONSTANT_CONVERSION = YES;
				CLANG_WARN_DEPRECATED_OBJC_IMPLEMENTATIONS = YES;
				CLANG_WARN_DIRECT_OBJC_ISA_USAGE = YES_ERROR;
				CLANG_WARN_DOCUMENTATION_COMMENTS = YES;
				CLANG_WARN_EMPTY_BODY = YES;
				CLANG_WARN_ENUM_CONVERSION = YES;
				CLANG_WARN_INFINITE_RECURSION = YES;
				CLANG_WARN_INT_CONVERSION = YES;
				CLANG_WARN_NON_LITERAL_NULL_CONVERSION = YES;
				CLANG_WARN_OBJC_IMPLICIT_RETAIN_SELF = YES;
				CLANG_WARN_OBJC_LITERAL_CONVERSION = YES;
				CLANG_WARN_OBJC_ROOT_CLASS = YES_ERROR;
				CLANG_WARN_QUOTED_INCLUDE_IN_FRAMEWORK_HEADER = YES;
				CLANG_WARN_RANGE_LOOP_ANALYSIS = YES;
				CLANG_WARN_STRICT_PROTOTYPES = YES;
				CLANG_WARN_SUSPICIOUS_MOVE = YES;
				CLANG_WARN_UNGUARDED_AVAILABILITY = YES_AGGRESSIVE;
				CLANG_WARN_UNREACHABLE_CODE = YES;
				CLANG_WARN__DUPLICATE_METHOD_MATCH = YES;
				COPY_PHASE_STRIP = NO;
				DEBUG_INFORMATION_FORMAT = "dwarf-with-dsym";
				ENABLE_NS_ASSERTIONS = NO;
				ENABLE_STRICT_OBJC_MSGSEND = YES;
				GCC_C_LANGUAGE_STANDARD = gnu11;
				GCC_NO_COMMON_BLOCKS = YES;
				GCC_WARN_64_TO_32_BIT_CONVERSION = YES;
				GCC_WARN_ABOUT_RETURN_TYPE = YES_ERROR;
				GCC_WARN_UNDECLARED_SELECTOR = YES;
				GCC_WARN_UNINITIALIZED_AUTOS = YES_AGGRESSIVE;
				GCC_WARN_UNUSED_FUNCTION = YES;
				GCC_WARN_UNUSED_VARIABLE = YES;
				IPHONEOS_DEPLOYMENT_TARGET = 14.5;
				MTL_ENABLE_DEBUG_INFO = NO;
				MTL_FAST_MATH = YES;
				SDKROOT = iphoneos;
				SWIFT_COMPILATION_MODE = wholemodule;
				SWIFT_OPTIMIZATION_LEVEL = "-O";
				VALIDATE_PRODUCT = YES;
			};
			name = Release;
		};
		7D4A8C28283885D700204D2F /* Debug */ = {
			isa = XCBuildConfiguration;
			buildSettings = {
				ASSETCATALOG_COMPILER_APPICON_NAME = AppIcon;
				ASSETCATALOG_COMPILER_GLOBAL_ACCENT_COLOR_NAME = AccentColor;
				CODE_SIGN_STYLE = Automatic;
				DEVELOPMENT_TEAM = QCLKUQY5BW;
				INFOPLIST_FILE = "CDGO-IntProj-00/Support/Info.plist";
				IPHONEOS_DEPLOYMENT_TARGET = 14.3;
				LD_RUNPATH_SEARCH_PATHS = (
					"$(inherited)",
					"@executable_path/Frameworks",
				);
				PRODUCT_BUNDLE_IDENTIFIER = "com.thwinhtooaung.CDGO-IntProj-00";
				PRODUCT_NAME = "$(TARGET_NAME)";
				SWIFT_VERSION = 5.0;
				TARGETED_DEVICE_FAMILY = 1;
			};
			name = Debug;
		};
		7D4A8C29283885D700204D2F /* Release */ = {
			isa = XCBuildConfiguration;
			buildSettings = {
				ASSETCATALOG_COMPILER_APPICON_NAME = AppIcon;
				ASSETCATALOG_COMPILER_GLOBAL_ACCENT_COLOR_NAME = AccentColor;
				CODE_SIGN_STYLE = Automatic;
				DEVELOPMENT_TEAM = QCLKUQY5BW;
				INFOPLIST_FILE = "CDGO-IntProj-00/Support/Info.plist";
				IPHONEOS_DEPLOYMENT_TARGET = 14.3;
				LD_RUNPATH_SEARCH_PATHS = (
					"$(inherited)",
					"@executable_path/Frameworks",
				);
				PRODUCT_BUNDLE_IDENTIFIER = "com.thwinhtooaung.CDGO-IntProj-00";
				PRODUCT_NAME = "$(TARGET_NAME)";
				SWIFT_VERSION = 5.0;
				TARGETED_DEVICE_FAMILY = 1;
			};
			name = Release;
		};
		7D4A8C2B283885D700204D2F /* Debug */ = {
			isa = XCBuildConfiguration;
			buildSettings = {
				ALWAYS_EMBED_SWIFT_STANDARD_LIBRARIES = YES;
				BUNDLE_LOADER = "$(TEST_HOST)";
				CODE_SIGN_STYLE = Automatic;
				DEVELOPMENT_TEAM = QCLKUQY5BW;
				INFOPLIST_FILE = "CDGO-IntProj-00Tests/Info.plist";
				IPHONEOS_DEPLOYMENT_TARGET = 14.5;
				LD_RUNPATH_SEARCH_PATHS = (
					"$(inherited)",
					"@executable_path/Frameworks",
					"@loader_path/Frameworks",
				);
				PRODUCT_BUNDLE_IDENTIFIER = "com.thwinhtooaung.CDGO-IntProj-00Tests";
				PRODUCT_NAME = "$(TARGET_NAME)";
				SWIFT_VERSION = 5.0;
				TARGETED_DEVICE_FAMILY = "1,2";
				TEST_HOST = "$(BUILT_PRODUCTS_DIR)/CDGO-IntProj-00.app/CDGO-IntProj-00";
			};
			name = Debug;
		};
		7D4A8C2C283885D700204D2F /* Release */ = {
			isa = XCBuildConfiguration;
			buildSettings = {
				ALWAYS_EMBED_SWIFT_STANDARD_LIBRARIES = YES;
				BUNDLE_LOADER = "$(TEST_HOST)";
				CODE_SIGN_STYLE = Automatic;
				DEVELOPMENT_TEAM = QCLKUQY5BW;
				INFOPLIST_FILE = "CDGO-IntProj-00Tests/Info.plist";
				IPHONEOS_DEPLOYMENT_TARGET = 14.5;
				LD_RUNPATH_SEARCH_PATHS = (
					"$(inherited)",
					"@executable_path/Frameworks",
					"@loader_path/Frameworks",
				);
				PRODUCT_BUNDLE_IDENTIFIER = "com.thwinhtooaung.CDGO-IntProj-00Tests";
				PRODUCT_NAME = "$(TARGET_NAME)";
				SWIFT_VERSION = 5.0;
				TARGETED_DEVICE_FAMILY = "1,2";
				TEST_HOST = "$(BUILT_PRODUCTS_DIR)/CDGO-IntProj-00.app/CDGO-IntProj-00";
			};
			name = Release;
		};
		7D4A8C2E283885D700204D2F /* Debug */ = {
			isa = XCBuildConfiguration;
			buildSettings = {
				ALWAYS_EMBED_SWIFT_STANDARD_LIBRARIES = YES;
				CODE_SIGN_STYLE = Automatic;
				DEVELOPMENT_TEAM = QCLKUQY5BW;
				INFOPLIST_FILE = "CDGO-IntProj-00UITests/Info.plist";
				LD_RUNPATH_SEARCH_PATHS = (
					"$(inherited)",
					"@executable_path/Frameworks",
					"@loader_path/Frameworks",
				);
				PRODUCT_BUNDLE_IDENTIFIER = "com.thwinhtooaung.CDGO-IntProj-00UITests";
				PRODUCT_NAME = "$(TARGET_NAME)";
				SWIFT_VERSION = 5.0;
				TARGETED_DEVICE_FAMILY = "1,2";
				TEST_TARGET_NAME = "CDGO-IntProj-00";
			};
			name = Debug;
		};
		7D4A8C2F283885D700204D2F /* Release */ = {
			isa = XCBuildConfiguration;
			buildSettings = {
				ALWAYS_EMBED_SWIFT_STANDARD_LIBRARIES = YES;
				CODE_SIGN_STYLE = Automatic;
				DEVELOPMENT_TEAM = QCLKUQY5BW;
				INFOPLIST_FILE = "CDGO-IntProj-00UITests/Info.plist";
				LD_RUNPATH_SEARCH_PATHS = (
					"$(inherited)",
					"@executable_path/Frameworks",
					"@loader_path/Frameworks",
				);
				PRODUCT_BUNDLE_IDENTIFIER = "com.thwinhtooaung.CDGO-IntProj-00UITests";
				PRODUCT_NAME = "$(TARGET_NAME)";
				SWIFT_VERSION = 5.0;
				TARGETED_DEVICE_FAMILY = "1,2";
				TEST_TARGET_NAME = "CDGO-IntProj-00";
			};
			name = Release;
		};
/* End XCBuildConfiguration section */

/* Begin XCConfigurationList section */
		7D4A8BF8283885D300204D2F /* Build configuration list for PBXProject "CDGO-IntProj-00" */ = {
			isa = XCConfigurationList;
			buildConfigurations = (
				7D4A8C25283885D700204D2F /* Debug */,
				7D4A8C26283885D700204D2F /* Release */,
			);
			defaultConfigurationIsVisible = 0;
			defaultConfigurationName = Release;
		};
		7D4A8C27283885D700204D2F /* Build configuration list for PBXNativeTarget "CDGO-IntProj-00" */ = {
			isa = XCConfigurationList;
			buildConfigurations = (
				7D4A8C28283885D700204D2F /* Debug */,
				7D4A8C29283885D700204D2F /* Release */,
			);
			defaultConfigurationIsVisible = 0;
			defaultConfigurationName = Release;
		};
		7D4A8C2A283885D700204D2F /* Build configuration list for PBXNativeTarget "CDGO-IntProj-00Tests" */ = {
			isa = XCConfigurationList;
			buildConfigurations = (
				7D4A8C2B283885D700204D2F /* Debug */,
				7D4A8C2C283885D700204D2F /* Release */,
			);
			defaultConfigurationIsVisible = 0;
			defaultConfigurationName = Release;
		};
		7D4A8C2D283885D700204D2F /* Build configuration list for PBXNativeTarget "CDGO-IntProj-00UITests" */ = {
			isa = XCConfigurationList;
			buildConfigurations = (
				7D4A8C2E283885D700204D2F /* Debug */,
				7D4A8C2F283885D700204D2F /* Release */,
			);
			defaultConfigurationIsVisible = 0;
			defaultConfigurationName = Release;
		};
/* End XCConfigurationList section */
	};
	rootObject = 7D4A8BF5283885D300204D2F /* Project object */;
}
